
Microsoft Visual Studio Solution File, Format Version 12.00
# Visual Studio 15
VisualStudioVersion = 15.0.26730.8
MinimumVisualStudioVersion = 10.0.40219.1
Project("{FAE04EC0-301F-11D3-BF4B-00C04F79EFBC}") = "PhoneBook", "PhoneBook\PhoneBook.csproj", "{BB263349-61ED-4D2E-A607-89D6B2323156}"
EndProject
Global
	GlobalSection(SolutionConfigurationPlatforms) = preSolution
		Debug|Any CPU = Debug|Any CPU
		Release|Any CPU = Release|Any CPU
	EndGlobalSection
	GlobalSection(ProjectConfigurationPlatforms) = postSolution
		{BB263349-61ED-4D2E-A607-89D6B2323156}.Debug|Any CPU.ActiveCfg = Debug|Any CPU
		{BB263349-61ED-4D2E-A607-89D6B2323156}.Debug|Any CPU.Build.0 = Debug|Any CPU
		{BB263349-61ED-4D2E-A607-89D6B2323156}.Release|Any CPU.ActiveCfg = Release|Any CPU
		{BB263349-61ED-4D2E-A607-89D6B2323156}.Release|Any CPU.Build.0 = Release|Any CPU
	EndGlobalSection
	GlobalSection(SolutionProperties) = preSolution
		HideSolutionNode = FALSE
	EndGlobalSection
	GlobalSection(ExtensibilityGlobals) = postSolution
		SolutionGuid = {6D068524-498F-4528-97D9-731DBF5DA329}
	EndGlobalSection
EndGlobal
